{
  "version": 1,
  "dependencies": {
    "net10.0-windows10.0.19041": {
      "System.CodeDom": {
        "type": "Transitive",
        "resolved": "10.0.10",
        "contentHash": "lru5igKxs4OgWKfMeOpMAYpfB1tNSSXHk2zyiSDO/h0u8RVAhN6KqW9d3ANybDB+ePIHg6HM/NlE8HlpOk4k5A=="
      },
      "System.Management": {
        "type": "Transitive",
        "resolved": "10.0.10",
        "contentHash": "U13ksdXfQlF2WDdu3S4ZPVpikFs2HgV3dbJJZLeZpBIQ4z/xCmQnwEf6LsEEIC2zSamVVa1acA9RdVhZwnWKeA==",
        "dependencies": {
          "System.CodeDom": "10.0.10"
        }
      },
      "Tomlyn": {
        "type": "Transitive",
        "resolved": "2.10.1",
        "contentHash": "ykjOY3IpYmC4SpPcAZRTl/w2jTmhPMDydHq8xcV7tTBAQ22nKBsOkPqauIrZlMjHm03cmKfV23UOPscKp+J4Og=="
      },
      "codexprofilelauncher": {
        "type": "Project",
        "dependencies": {
          "CodexProfileLauncher.Core": "[1.0.0, )",
          "System.Management": "[10.0.10, )"
        }
      },
      "codexprofilelauncher.core": {
        "type": "Project",
        "dependencies": {
          "Tomlyn": "[2.10.1, )"
        }
      }
    },
    "net10.0-windows10.0.19041/win-x64": {
      "System.Management": {
        "type": "Transitive",
        "resolved": "10.0.10",
        "contentHash": "U13ksdXfQlF2WDdu3S4ZPVpikFs2HgV3dbJJZLeZpBIQ4z/xCmQnwEf6LsEEIC2zSamVVa1acA9RdVhZwnWKeA==",
        "dependencies": {
          "System.CodeDom": "10.0.10"
        }
      }
    }
  }
}